
Microsoft Visual Studio Solution File, Format Version 12.00
# Visual Studio 15
VisualStudioVersion = 15.0.26228.4
MinimumVisualStudioVersion = 10.0.40219.1
Project("{2150E333-8FDC-42A3-9474-1A3956D46DE8}") = "src", "src", "{996A10A6-7510-4250-9472-00CB60694A4C}"
EndProject
Project("{2150E333-8FDC-42A3-9474-1A3956D46DE8}") = "Solution Items", "Solution Items", "{F8F35822-4241-45C0-B7E0-6B827AB5518D}"
EndProject
Project("{9A19103F-16F7-4668-BE54-9A1E7A4F7556}") = "Worklist-Server", "src\Worklist-Server\Worklist-Server.csproj", "{A6DEC366-6069-49E8-9FDC-5B3217C69974}"
EndProject
Project("{9A19103F-16F7-4668-BE54-9A1E7A4F7556}") = "DicomCore", "src\DicomCore\DicomCore.csproj", "{C093E53D-BAAF-41DB-B684-14458832FAD2}"
EndProject
Global
	GlobalSection(SolutionConfigurationPlatforms) = preSolution
		Debug|Any CPU = Debug|Any CPU
		Release|Any CPU = Release|Any CPU
	EndGlobalSection
	GlobalSection(ProjectConfigurationPlatforms) = postSolution
		{A6DEC366-6069-49E8-9FDC-5B3217C69974}.Debug|Any CPU.ActiveCfg = Debug|Any CPU
		{A6DEC366-6069-49E8-9FDC-5B3217C69974}.Debug|Any CPU.Build.0 = Debug|Any CPU
		{A6DEC366-6069-49E8-9FDC-5B3217C69974}.Release|Any CPU.ActiveCfg = Release|Any CPU
		{A6DEC366-6069-49E8-9FDC-5B3217C69974}.Release|Any CPU.Build.0 = Release|Any CPU
		{C093E53D-BAAF-41DB-B684-14458832FAD2}.Debug|Any CPU.ActiveCfg = Debug|Any CPU
		{C093E53D-BAAF-41DB-B684-14458832FAD2}.Debug|Any CPU.Build.0 = Debug|Any CPU
		{C093E53D-BAAF-41DB-B684-14458832FAD2}.Release|Any CPU.ActiveCfg = Release|Any CPU
		{C093E53D-BAAF-41DB-B684-14458832FAD2}.Release|Any CPU.Build.0 = Release|Any CPU
	EndGlobalSection
	GlobalSection(SolutionProperties) = preSolution
		HideSolutionNode = FALSE
	EndGlobalSection
	GlobalSection(NestedProjects) = preSolution
		{A6DEC366-6069-49E8-9FDC-5B3217C69974} = {996A10A6-7510-4250-9472-00CB60694A4C}
		{C093E53D-BAAF-41DB-B684-14458832FAD2} = {996A10A6-7510-4250-9472-00CB60694A4C}
	EndGlobalSection
EndGlobal
